
Microsoft Visual Studio Solution File, Format Version 12.00
# Visual Studio Version 17
VisualStudioVersion = 17.4.33103.184
MinimumVisualStudioVersion = 10.0.40219.1
Project("{FAE04EC0-301F-11D3-BF4B-00C04F79EFBC}") = "Треугольник", "Треугольник.csproj", "{03FA33F7-8C05-4EBA-A57B-0F973D7B116A}"
EndProject
Global
	GlobalSection(SolutionConfigurationPlatforms) = preSolution
		Debug|Any CPU = Debug|Any CPU
		Release|Any CPU = Release|Any CPU
	EndGlobalSection
	GlobalSection(ProjectConfigurationPlatforms) = postSolution
		{03FA33F7-8C05-4EBA-A57B-0F973D7B116A}.Debug|Any CPU.ActiveCfg = Debug|Any CPU
		{03FA33F7-8C05-4EBA-A57B-0F973D7B116A}.Debug|Any CPU.Build.0 = Debug|Any CPU
		{03FA33F7-8C05-4EBA-A57B-0F973D7B116A}.Release|Any CPU.ActiveCfg = Release|Any CPU
		{03FA33F7-8C05-4EBA-A57B-0F973D7B116A}.Release|Any CPU.Build.0 = Release|Any CPU
	EndGlobalSection
	GlobalSection(SolutionProperties) = preSolution
		HideSolutionNode = FALSE
	EndGlobalSection
	GlobalSection(ExtensibilityGlobals) = postSolution
		SolutionGuid = {0AB768A9-6A86-438B-92A3-019DF2EC78E5}
	EndGlobalSection
EndGlobal
